
Microsoft Visual Studio Solution File, Format Version 12.00
# Visual Studio Version 16
VisualStudioVersion = 16.0.28803.156
MinimumVisualStudioVersion = 10.0.40219.1
Project("{FAE04EC0-301F-11D3-BF4B-00C04F79EFBC}") = "FolderXmlParser", "FolderXmlParser\FolderXmlParser.csproj", "{5CC23CE2-EDA4-464C-9A8D-16F39B9F2913}"
EndProject
Global
	GlobalSection(SolutionConfigurationPlatforms) = preSolution
		Debug|Any CPU = Debug|Any CPU
		Release|Any CPU = Release|Any CPU
	EndGlobalSection
	GlobalSection(ProjectConfigurationPlatforms) = postSolution
		{5CC23CE2-EDA4-464C-9A8D-16F39B9F2913}.Debug|Any CPU.ActiveCfg = Debug|Any CPU
		{5CC23CE2-EDA4-464C-9A8D-16F39B9F2913}.Debug|Any CPU.Build.0 = Debug|Any CPU
		{5CC23CE2-EDA4-464C-9A8D-16F39B9F2913}.Release|Any CPU.ActiveCfg = Release|Any CPU
		{5CC23CE2-EDA4-464C-9A8D-16F39B9F2913}.Release|Any CPU.Build.0 = Release|Any CPU
	EndGlobalSection
	GlobalSection(SolutionProperties) = preSolution
		HideSolutionNode = FALSE
	EndGlobalSection
	GlobalSection(ExtensibilityGlobals) = postSolution
		SolutionGuid = {50626DC2-279B-48CB-ABB4-B6C0836F8A53}
	EndGlobalSection
EndGlobal
